// !$*UTF8*$!
{
	archiveVersion = 1;
	classes = {
	};
	objectVersion = 50;
	objects = {

/* Begin PBXBuildFile section */
		7C50990223E70EBB00F52340 /* AppDelegate.m in Sources */ = {isa = PBXBuildFile; fileRef = 7C50990123E70EBB00F52340 /* AppDelegate.m */; };
		7C50990523E70EBB00F52340 /* ViewController.m in Sources */ = {isa = PBXBuildFile; fileRef = 7C50990423E70EBB00F52340 /* ViewController.m */; };
		7C50990823E70EBB00F52340 /* Main.storyboard in Resources */ = {isa = PBXBuildFile; fileRef = 7C50990623E70EBB00F52340 /* Main.storyboard */; };
		7C50990A23E70EC900F52340 /* Assets.xcassets in Resources */ = {isa = PBXBuildFile; fileRef = 7C50990923E70EC900F52340 /* Assets.xcassets */; };
		7C50990D23E70EC900F52340 /* LaunchScreen.storyboard in Resources */ = {isa = PBXBuildFile; fileRef = 7C50990B23E70EC900F52340 /* LaunchScreen.storyboard */; };
		7C50991023E70EC900F52340 /* main.m in Sources */ = {isa = PBXBuildFile; fileRef = 7C50990F23E70EC900F52340 /* main.m */; };
		7C50991B23E70F6400F52340 /* YJXPerson.m in Sources */ = {isa = PBXBuildFile; fileRef = 7C50991A23E70F6400F52340 /* YJXPerson.m */; };
/* End PBXBuildFile section */

/* Begin PBXFileReference section */
		7C5098FD23E70EBB00F52340 /* iOS  Bottom_Learning - KVO.app */ = {isa = PBXFileReference; explicitFileType = wrapper.application; includeInIndex = 0; path = "iOS  Bottom_Learning - KVO.app"; sourceTree = BUILT_PRODUCTS_DIR; };
		7C50990023E70EBB00F52340 /* AppDelegate.h */ = {isa = PBXFileReference; lastKnownFileType = sourcecode.c.h; path = AppDelegate.h; sourceTree = "<group>"; };
		7C50990123E70EBB00F52340 /* AppDelegate.m */ = {isa = PBXFileReference; lastKnownFileType = sourcecode.c.objc; path = AppDelegate.m; sourceTree = "<group>"; };
		7C50990323E70EBB00F52340 /* ViewController.h */ = {isa = PBXFileReference; lastKnownFileType = sourcecode.c.h; path = ViewController.h; sourceTree = "<group>"; };
		7C50990423E70EBB00F52340 /* ViewController.m */ = {isa = PBXFileReference; lastKnownFileType = sourcecode.c.objc; path = ViewController.m; sourceTree = "<group>"; };
		7C50990723E70EBB00F52340 /* Base */ = {isa = PBXFileReference; lastKnownFileType = file.storyboard; name = Base; path = Base.lproj/Main.storyboard; sourceTree = "<group>"; };
		7C50990923E70EC900F52340 /* Assets.xcassets */ = {isa = PBXFileReference; lastKnownFileType = folder.assetcatalog; path = Assets.xcassets; sourceTree = "<group>"; };
		7C50990C23E70EC900F52340 /* Base */ = {isa = PBXFileReference; lastKnownFileType = file.storyboard; name = Base; path = Base.lproj/LaunchScreen.storyboard; sourceTree = "<group>"; };
		7C50990E23E70EC900F52340 /* Info.plist */ = {isa = PBXFileReference; lastKnownFileType = text.plist.xml; path = Info.plist; sourceTree = "<group>"; };
		7C50990F23E70EC900F52340 /* main.m */ = {isa = PBXFileReference; lastKnownFileType = sourcecode.c.objc; path = main.m; sourceTree = "<group>"; };
		7C50991923E70F6400F52340 /* YJXPerson.h */ = {isa = PBXFileReference; lastKnownFileType = sourcecode.c.h; path = YJXPerson.h; sourceTree = "<group>"; };
		7C50991A23E70F6400F52340 /* YJXPerson.m */ = {isa = PBXFileReference; lastKnownFileType = sourcecode.c.objc; path = YJXPerson.m; sourceTree = "<group>"; };
/* End PBXFileReference section */

/* Begin PBXFrameworksBuildPhase section */
		7C5098FA23E70EBB00F52340 /* Frameworks */ = {
			isa = PBXFrameworksBuildPhase;
			buildActionMask = 2147483647;
			files = (
			);
			runOnlyForDeploymentPostprocessing = 0;
		};
/* End PBXFrameworksBuildPhase section */

/* Begin PBXGroup section */
		7C5098F423E70EBB00F52340 = {
			isa = PBXGroup;
			children = (
				7C5098FF23E70EBB00F52340 /* iOS  Bottom_Learning - KVO */,
				7C5098FE23E70EBB00F52340 /* Products */,
			);
			sourceTree = "<group>";
		};
		7C5098FE23E70EBB00F52340 /* Products */ = {
			isa = PBXGroup;
			children = (
				7C5098FD23E70EBB00F52340 /* iOS  Bottom_Learning - KVO.app */,
			);
			name = Products;
			sourceTree = "<group>";
		};
		7C5098FF23E70EBB00F52340 /* iOS  Bottom_Learning - KVO */ = {
			isa = PBXGroup;
			children = (
				7C50990023E70EBB00F52340 /* AppDelegate.h */,
				7C50990123E70EBB00F52340 /* AppDelegate.m */,
				7C50990323E70EBB00F52340 /* ViewController.h */,
				7C50990423E70EBB00F52340 /* ViewController.m */,
				7C50991923E70F6400F52340 /* YJXPerson.h */,
				7C50991A23E70F6400F52340 /* YJXPerson.m */,
				7C50990623E70EBB00F52340 /* Main.storyboard */,
				7C50990923E70EC900F52340 /* Assets.xcassets */,
				7C50990B23E70EC900F52340 /* LaunchScreen.storyboard */,
				7C50990E23E70EC900F52340 /* Info.plist */,
				7C50990F23E70EC900F52340 /* main.m */,
			);
			path = "iOS  Bottom_Learning - KVO";
			sourceTree = "<group>";
		};
/* End PBXGroup section */

/* Begin PBXNativeTarget section */
		7C5098FC23E70EBB00F52340 /* iOS  Bottom_Learning - KVO */ = {
			isa = PBXNativeTarget;
			buildConfigurationList = 7C50991323E70EC900F52340 /* Build configuration list for PBXNativeTarget "iOS  Bottom_Learning - KVO" */;
			buildPhases = (
				7C5098F923E70EBB00F52340 /* Sources */,
				7C5098FA23E70EBB00F52340 /* Frameworks */,
				7C5098FB23E70EBB00F52340 /* Resources */,
			);
			buildRules = (
			);
			dependencies = (
			);
			name = "iOS  Bottom_Learning - KVO";
			productName = "iOS  Bottom_Learning - KVO";
			productReference = 7C5098FD23E70EBB00F52340 /* iOS  Bottom_Learning - KVO.app */;
			productType = "com.apple.product-type.application";
		};
/* End PBXNativeTarget section */

/* Begin PBXProject section */
		7C5098F523E70EBB00F52340 /* Project object */ = {
			isa = PBXProject;
			attributes = {
				LastUpgradeCheck = 1020;
				ORGANIZATIONNAME = "岳靖翔";
				TargetAttributes = {
					7C5098FC23E70EBB00F52340 = {
						CreatedOnToolsVersion = 10.2.1;
					};
				};
			};
			buildConfigurationList = 7C5098F823E70EBB00F52340 /* Build configuration list for PBXProject "iOS  Bottom_Learning - KVO" */;
			compatibilityVersion = "Xcode 9.3";
			developmentRegion = en;
			hasScannedForEncodings = 0;
			knownRegions = (
				en,
				Base,
			);
			mainGroup = 7C5098F423E70EBB00F52340;
			productRefGroup = 7C5098FE23E70EBB00F52340 /* Products */;
			projectDirPath = "";
			projectRoot = "";
			targets = (
				7C5098FC23E70EBB00F52340 /* iOS  Bottom_Learning - KVO */,
			);
		};
/* End PBXProject section */

/* Begin PBXResourcesBuildPhase section */
		7C5098FB23E70EBB00F52340 /* Resources */ = {
			isa = PBXResourcesBuildPhase;
			buildActionMask = 2147483647;
			files = (
				7C50990D23E70EC900F52340 /* LaunchScreen.storyboard in Resources */,
				7C50990A23E70EC900F52340 /* Assets.xcassets in Resources */,
				7C50990823E70EBB00F52340 /* Main.storyboard in Resources */,
			);
			runOnlyForDeploymentPostprocessing = 0;
		};
/* End PBXResourcesBuildPhase section */

/* Begin PBXSourcesBuildPhase section */
		7C5098F923E70EBB00F52340 /* Sources */ = {
			isa = PBXSourcesBuildPhase;
			buildActionMask = 2147483647;
			files = (
				7C50991B23E70F6400F52340 /* YJXPerson.m in Sources */,
				7C50990523E70EBB00F52340 /* ViewController.m in Sources */,
				7C50991023E70EC900F52340 /* main.m in Sources */,
				7C50990223E70EBB00F52340 /* AppDelegate.m in Sources */,
			);
			runOnlyForDeploymentPostprocessing = 0;
		};
/* End PBXSourcesBuildPhase section */

/* Begin PBXVariantGroup section */
		7C50990623E70EBB00F52340 /* Main.storyboard */ = {
			isa = PBXVariantGroup;
			children = (
				7C50990723E70EBB00F52340 /* Base */,
			);
			name = Main.storyboard;
			sourceTree = "<group>";
		};
		7C50990B23E70EC900F52340 /* LaunchScreen.storyboard */ = {
			isa = PBXVariantGroup;
			children = (
				7C50990C23E70EC900F52340 /* Base */,
			);
			name = LaunchScreen.storyboard;
			sourceTree = "<group>";
		};
/* End PBXVariantGroup section */

/* Begin XCBuildConfiguration section */
		7C50991123E70EC900F52340 /* Debug */ = {
			isa = XCBuildConfiguration;
			buildSettings = {
				ALWAYS_SEARCH_USER_PATHS = NO;
				CLANG_ANALYZER_NONNULL = YES;
				CLANG_ANALYZER_NUMBER_OBJECT_CONVERSION = YES_AGGRESSIVE;
				CLANG_CXX_LANGUAGE_STANDARD = "gnu++14";
				CLANG_CXX_LIBRARY = "libc++";
				CLANG_ENABLE_MODULES = YES;
				CLANG_ENABLE_OBJC_ARC = YES;
				CLANG_ENABLE_OBJC_WEAK = YES;
				CLANG_WARN_BLOCK_CAPTURE_AUTORELEASING = YES;
				CLANG_WARN_BOOL_CONVERSION = YES;
				CLANG_WARN_COMMA = YES;
				CLANG_WARN_CONSTANT_CONVERSION = YES;
				CLANG_WARN_DEPRECATED_OBJC_IMPLEMENTATIONS = YES;
				CLANG_WARN_DIRECT_OBJC_ISA_USAGE = YES_ERROR;
				CLANG_WARN_DOCUMENTATION_COMMENTS = YES;
				CLANG_WARN_EMPTY_BODY = YES;
				CLANG_WARN_ENUM_CONVERSION = YES;
				CLANG_WARN_INFINITE_RECURSION = YES;
				CLANG_WARN_INT_CONVERSION = YES;
				CLANG_WARN_NON_LITERAL_NULL_CONVERSION = YES;
				CLANG_WARN_OBJC_IMPLICIT_RETAIN_SELF = YES;
				CLANG_WARN_OBJC_LITERAL_CONVERSION = YES;
				CLANG_WARN_OBJC_ROOT_CLASS = YES_ERROR;
				CLANG_WARN_RANGE_LOOP_ANALYSIS = YES;
				CLANG_WARN_STRICT_PROTOTYPES = YES;
				CLANG_WARN_SUSPICIOUS_MOVE = YES;
				CLANG_WARN_UNGUARDED_AVAILABILITY = YES_AGGRESSIVE;
				CLANG_WARN_UNREACHABLE_CODE = YES;
				CLANG_WARN__DUPLICATE_METHOD_MATCH = YES;
				CODE_SIGN_IDENTITY = "iPhone Developer";
				COPY_PHASE_STRIP = NO;
				DEBUG_INFORMATION_FORMAT = dwarf;
				ENABLE_STRICT_OBJC_MSGSEND = YES;
				ENABLE_TESTABILITY = YES;
				GCC_C_LANGUAGE_STANDARD = gnu11;
				GCC_DYNAMIC_NO_PIC = NO;
				GCC_NO_COMMON_BLOCKS = YES;
				GCC_OPTIMIZATION_LEVEL = 0;
				GCC_PREPROCESSOR_DEFINITIONS = (
					"DEBUG=1",
					"$(inherited)",
				);
				GCC_WARN_64_TO_32_BIT_CONVERSION = YES;
				GCC_WARN_ABOUT_RETURN_TYPE = YES_ERROR;
				GCC_WARN_UNDECLARED_SELECTOR = YES;
				GCC_WARN_UNINITIALIZED_AUTOS = YES_AGGRESSIVE;
				GCC_WARN_UNUSED_FUNCTION = YES;
				GCC_WARN_UNUSED_VARIABLE = YES;
				IPHONEOS_DEPLOYMENT_TARGET = 12.2;
				MTL_ENABLE_DEBUG_INFO = INCLUDE_SOURCE;
				MTL_FAST_MATH = YES;
				ONLY_ACTIVE_ARCH = YES;
				SDKROOT = iphoneos;
			};
			name = Debug;
		};
		7C50991223E70EC900F52340 /* Release */ = {
			isa = XCBuildConfiguration;
			buildSettings = {
				ALWAYS_SEARCH_USER_PATHS = NO;
				CLANG_ANALYZER_NONNULL = YES;
				CLANG_ANALYZER_NUMBER_OBJECT_CONVERSION = YES_AGGRESSIVE;
				CLANG_CXX_LANGUAGE_STANDARD = "gnu++14";
				CLANG_CXX_LIBRARY = "libc++";
				CLANG_ENABLE_MODULES = YES;
				CLANG_ENABLE_OBJC_ARC = YES;
				CLANG_ENABLE_OBJC_WEAK = YES;
				CLANG_WARN_BLOCK_CAPTURE_AUTORELEASING = YES;
				CLANG_WARN_BOOL_CONVERSION = YES;
				CLANG_WARN_COMMA = YES;
				CLANG_WARN_CONSTANT_CONVERSION = YES;
				CLANG_WARN_DEPRECATED_OBJC_IMPLEMENTATIONS = YES;
				CLANG_WARN_DIRECT_OBJC_ISA_USAGE = YES_ERROR;
				CLANG_WARN_DOCUMENTATION_COMMENTS = YES;
				CLANG_WARN_EMPTY_BODY = YES;
				CLANG_WARN_ENUM_CONVERSION = YES;
				CLANG_WARN_INFINITE_RECURSION = YES;
				CLANG_WARN_INT_CONVERSION = YES;
				CLANG_WARN_NON_LITERAL_NULL_CONVERSION = YES;
				CLANG_WARN_OBJC_IMPLICIT_RETAIN_SELF = YES;
				CLANG_WARN_OBJC_LITERAL_CONVERSION = YES;
				CLANG_WARN_OBJC_ROOT_CLASS = YES_ERROR;
				CLANG_WARN_RANGE_LOOP_ANALYSIS = YES;
				CLANG_WARN_STRICT_PROTOTYPES = YES;
				CLANG_WARN_SUSPICIOUS_MOVE = YES;
				CLANG_WARN_UNGUARDED_AVAILABILITY = YES_AGGRESSIVE;
				CLANG_WARN_UNREACHABLE_CODE = YES;
				CLANG_WARN__DUPLICATE_METHOD_MATCH = YES;
				CODE_SIGN_IDENTITY = "iPhone Developer";
				COPY_PHASE_STRIP = NO;
				DEBUG_INFORMATION_FORMAT = "dwarf-with-dsym";
				ENABLE_NS_ASSERTIONS = NO;
				ENABLE_STRICT_OBJC_MSGSEND = YES;
				GCC_C_LANGUAGE_STANDARD = gnu11;
				GCC_NO_COMMON_BLOCKS = YES;
				GCC_WARN_64_TO_32_BIT_CONVERSION = YES;
				GCC_WARN_ABOUT_RETURN_TYPE = YES_ERROR;
				GCC_WARN_UNDECLARED_SELECTOR = YES;
				GCC_WARN_UNINITIALIZED_AUTOS = YES_AGGRESSIVE;
				GCC_WARN_UNUSED_FUNCTION = YES;
				GCC_WARN_UNUSED_VARIABLE = YES;
				IPHONEOS_DEPLOYMENT_TARGET = 12.2;
				MTL_ENABLE_DEBUG_INFO = NO;
				MTL_FAST_MATH = YES;
				SDKROOT = iphoneos;
				VALIDATE_PRODUCT = YES;
			};
			name = Release;
		};
		7C50991423E70EC900F52340 /* Debug */ = {
			isa = XCBuildConfiguration;
			buildSettings = {
				ASSETCATALOG_COMPILER_APPICON_NAME = AppIcon;
				CODE_SIGN_STYLE = Automatic;
				INFOPLIST_FILE = "iOS  Bottom_Learning - KVO/Info.plist";
				LD_RUNPATH_SEARCH_PATHS = (
					"$(inherited)",
					"@executable_path/Frameworks",
				);
				PRODUCT_BUNDLE_IDENTIFIER = "c.iOS--Bottom-Learning---KVO";
				PRODUCT_NAME = "$(TARGET_NAME)";
				TARGETED_DEVICE_FAMILY = "1,2";
			};
			name = Debug;
		};
		7C50991523E70EC900F52340 /* Release */ = {
			isa = XCBuildConfiguration;
			buildSettings = {
				ASSETCATALOG_COMPILER_APPICON_NAME = AppIcon;
				CODE_SIGN_STYLE = Automatic;
				INFOPLIST_FILE = "iOS  Bottom_Learning - KVO/Info.plist";
				LD_RUNPATH_SEARCH_PATHS = (
					"$(inherited)",
					"@executable_path/Frameworks",
				);
				PRODUCT_BUNDLE_IDENTIFIER = "c.iOS--Bottom-Learning---KVO";
				PRODUCT_NAME = "$(TARGET_NAME)";
				TARGETED_DEVICE_FAMILY = "1,2";
			};
			name = Release;
		};
/* End XCBuildConfiguration section */

/* Begin XCConfigurationList section */
		7C5098F823E70EBB00F52340 /* Build configuration list for PBXProject "iOS  Bottom_Learning - KVO" */ = {
			isa = XCConfigurationList;
			buildConfigurations = (
				7C50991123E70EC900F52340 /* Debug */,
				7C50991223E70EC900F52340 /* Release */,
			);
			defaultConfigurationIsVisible = 0;
			defaultConfigurationName = Release;
		};
		7C50991323E70EC900F52340 /* Build configuration list for PBXNativeTarget "iOS  Bottom_Learning - KVO" */ = {
			isa = XCConfigurationList;
			buildConfigurations = (
				7C50991423E70EC900F52340 /* Debug */,
				7C50991523E70EC900F52340 /* Release */,
			);
			defaultConfigurationIsVisible = 0;
			defaultConfigurationName = Release;
		};
/* End XCConfigurationList section */
	};
	rootObject = 7C5098F523E70EBB00F52340 /* Project object */;
}
